{
  "name": "halucy",
  "version": "0.0.1",
  "lockfileVersion": 2,
  "requires": true,
  "packages": {
    "": {
      "name": "halucy",
      "version": "0.0.1",
      "license": "MIT",
      "dependencies": {
        "chalk": "^4.1.2",
        "commander": "^8.1.0",
        "fs-extra": "^10.0.0",
        "loadsh": "^0.0.4",
        "typescript": "^4.4.2",
        "watchr": "^6.11.0"
      },
      "bin": {
        "halucy": "bin/halucy.js"
      }
    },
    "node_modules/ambi": {
      "version": "3.2.0",
      "resolved": "https://registry.nlark.com/ambi/download/ambi-3.2.0.tgz",
      "integrity": "sha1-E7Rfz2hFRl9lITf4AXYyLpEbcNY=",
      "dependencies": {
        "editions": "^2.1.0",
        "typechecker": "^4.3.0"
      },
      "engines": {
        "node": ">=0.8"
      }
    },
    "node_modules/ambi/node_modules/typechecker": {
      "version": "4.11.0",
      "resolved": "https://registry.nlark.com/typechecker/download/typechecker-4.11.0.tgz",
      "integrity": "sha1-ghnNkNL3tYWj9a+cFGyKI4kfHqw=",
      "dependencies": {
        "editions": "^2.2.0"
      },
      "engines": {
        "node": ">=0.8"
      }
    },
    "node_modules/ansi-styles": {
      "version": "4.3.0",
      "resolved": "https://registry.nlark.com/ansi-styles/download/ansi-styles-4.3.0.tgz",
      "integrity": "sha1-7dgDYornHATIWuegkG7a00tkiTc=",
      "dependencies": {
        "color-convert": "^2.0.1"
      },
      "engines": {
        "node": ">=8"
      }
    },
    "node_modules/chalk": {
      "version": "4.1.2",
      "resolved": "https://registry.nlark.com/chalk/download/chalk-4.1.2.tgz?cache=0&sync_timestamp=1627646614989&other_urls=https%3A%2F%2Fregistry.nlark.com%2Fchalk%2Fdownload%2Fchalk-4.1.2.tgz",
      "integrity": "sha1-qsTit3NKdAhnrrFr8CqtVWoeegE=",
      "dependencies": {
        "ansi-styles": "^4.1.0",
        "supports-color": "^7.1.0"
      },
      "engines": {
        "node": ">=10"
      }
    },
    "node_modules/color-convert": {
      "version": "2.0.1",
      "resolved": "https://registry.nlark.com/color-convert/download/color-convert-2.0.1.tgz",
      "integrity": "sha1-ctOmjVmMm9s68q0ehPIdiWq9TeM=",
      "dependencies": {
        "color-name": "~1.1.4"
      },
      "engines": {
        "node": ">=7.0.0"
      }
    },
    "node_modules/color-name": {
      "version": "1.1.4",
      "resolved": "https://registry.npm.taobao.org/color-name/download/color-name-1.1.4.tgz",
      "integrity": "sha1-wqCah6y95pVD3m9j+jmVyCbFNqI="
    },
    "node_modules/commander": {
      "version": "8.1.0",
      "resolved": "https://registry.nlark.com/commander/download/commander-8.1.0.tgz?cache=0&sync_timestamp=1627358203890&other_urls=https%3A%2F%2Fregistry.nlark.com%2Fcommander%2Fdownload%2Fcommander-8.1.0.tgz",
      "integrity": "sha1-2zbj5m7fJP9ZHWOYYsarLFJmQ2I=",
      "engines": {
        "node": ">= 12"
      }
    },
    "node_modules/eachr": {
      "version": "4.5.0",
      "resolved": "https://registry.nlark.com/eachr/download/eachr-4.5.0.tgz",
      "integrity": "sha1-SV6zqrakGBHaHgTlEEJN8yB1zwQ=",
      "dependencies": {
        "typechecker": "^6.2.0"
      },
      "engines": {
        "node": ">=8"
      }
    },
    "node_modules/editions": {
      "version": "2.3.1",
      "resolved": "https://registry.nlark.com/editions/download/editions-2.3.1.tgz",
      "integrity": "sha1-O8mWLxl46AExL70K6/7WO0m/5pg=",
      "dependencies": {
        "errlop": "^2.0.0",
        "semver": "^6.3.0"
      },
      "engines": {
        "node": ">=0.8"
      }
    },
    "node_modules/errlop": {
      "version": "2.2.0",
      "resolved": "https://registry.nlark.com/errlop/download/errlop-2.2.0.tgz",
      "integrity": "sha1-H/OD+PkXrjKL67gC1sppZmpC0hs=",
      "engines": {
        "node": ">=0.8"
      }
    },
    "node_modules/extendr": {
      "version": "5.19.0",
      "resolved": "https://registry.nlark.com/extendr/download/extendr-5.19.0.tgz",
      "integrity": "sha1-4QU03KU5zWDP8EmyGdv0DHVDA24=",
      "dependencies": {
        "typechecker": "^7.17.0"
      },
      "engines": {
        "node": ">=10"
      }
    },
    "node_modules/extendr/node_modules/typechecker": {
      "version": "7.18.0",
      "resolved": "https://registry.nlark.com/typechecker/download/typechecker-7.18.0.tgz",
      "integrity": "sha1-AhKkZN0NZNcw+CMZrZD30U051Kk=",
      "engines": {
        "node": ">=10"
      }
    },
    "node_modules/fs-extra": {
      "version": "10.0.0",
      "resolved": "https://registry.nlark.com/fs-extra/download/fs-extra-10.0.0.tgz",
      "integrity": "sha1-n/YbZV3eU/s0qC34S7IUzoAuF8E=",
      "dependencies": {
        "graceful-fs": "^4.2.0",
        "jsonfile": "^6.0.1",
        "universalify": "^2.0.0"
      },
      "engines": {
        "node": ">=12"
      }
    },
    "node_modules/graceful-fs": {
      "version": "4.2.8",
      "resolved": "https://registry.nlark.com/graceful-fs/download/graceful-fs-4.2.8.tgz?cache=0&sync_timestamp=1628194007768&other_urls=https%3A%2F%2Fregistry.nlark.com%2Fgraceful-fs%2Fdownload%2Fgraceful-fs-4.2.8.tgz",
      "integrity": "sha1-5BK40z9eAGWTy9PO5t+fLOu+gCo="
    },
    "node_modules/has-flag": {
      "version": "4.0.0",
      "resolved": "https://registry.nlark.com/has-flag/download/has-flag-4.0.0.tgz?cache=0&sync_timestamp=1626716578584&other_urls=https%3A%2F%2Fregistry.nlark.com%2Fhas-flag%2Fdownload%2Fhas-flag-4.0.0.tgz",
      "integrity": "sha1-lEdx/ZyByBJlxNaUGGDaBrtZR5s=",
      "engines": {
        "node": ">=8"
      }
    },
    "node_modules/ignorefs": {
      "version": "3.17.0",
      "resolved": "https://registry.nlark.com/ignorefs/download/ignorefs-3.17.0.tgz",
      "integrity": "sha1-wr0hjXc9ZWiHiVff7yzkrcSuB7s=",
      "dependencies": {
        "ignorepatterns": "^4.16.0"
      },
      "engines": {
        "node": ">=10"
      }
    },
    "node_modules/ignorepatterns": {
      "version": "4.17.0",
      "resolved": "https://registry.nlark.com/ignorepatterns/download/ignorepatterns-4.17.0.tgz",
      "integrity": "sha1-xNtRr0QTEuB2+rCuzbVDDLcdKtk=",
      "engines": {
        "node": ">=10"
      }
    },
    "node_modules/jsonfile": {
      "version": "6.1.0",
      "resolved": "https://registry.nlark.com/jsonfile/download/jsonfile-6.1.0.tgz",
      "integrity": "sha1-vFWyY0eTxnnsZAMJTrE2mKbsCq4=",
      "dependencies": {
        "universalify": "^2.0.0"
      },
      "optionalDependencies": {
        "graceful-fs": "^4.1.6"
      }
    },
    "node_modules/loadsh": {
      "version": "0.0.4",
      "resolved": "https://registry.nlark.com/loadsh/download/loadsh-0.0.4.tgz",
      "integrity": "sha1-UxS6vRK7EzFd3gJKTKcHWMVInS0=",
      "deprecated": "This is a typosquat on the popular Lodash package. This is not maintained nor is the original Lodash package."
    },
    "node_modules/readdir-cluster": {
      "version": "3.17.0",
      "resolved": "https://registry.nlark.com/readdir-cluster/download/readdir-cluster-3.17.0.tgz",
      "integrity": "sha1-Vrafi+50RQmGAILvoAaANwIiXWw=",
      "engines": {
        "node": ">=10"
      }
    },
    "node_modules/safefs": {
      "version": "6.16.0",
      "resolved": "https://registry.nlark.com/safefs/download/safefs-6.16.0.tgz",
      "integrity": "sha1-4ZAcDqHokmKJvY1Tg6Zc4hu0TS8=",
      "dependencies": {
        "graceful-fs": "^4.2.6"
      },
      "engines": {
        "node": ">=10"
      }
    },
    "node_modules/scandirectory": {
      "version": "6.16.0",
      "resolved": "https://registry.nlark.com/scandirectory/download/scandirectory-6.16.0.tgz",
      "integrity": "sha1-IhjFOmJZZwVPgQ1peZU24W5fRBE=",
      "dependencies": {
        "ignorefs": "^3.17.0",
        "readdir-cluster": "^3.17.0"
      },
      "engines": {
        "node": ">=10"
      }
    },
    "node_modules/semver": {
      "version": "6.3.0",
      "resolved": "https://registry.nlark.com/semver/download/semver-6.3.0.tgz?cache=0&sync_timestamp=1618846828850&other_urls=https%3A%2F%2Fregistry.nlark.com%2Fsemver%2Fdownload%2Fsemver-6.3.0.tgz",
      "integrity": "sha1-7gpkyK9ejO6mdoexM3YeG+y9HT0=",
      "bin": {
        "semver": "bin/semver.js"
      }
    },
    "node_modules/supports-color": {
      "version": "7.2.0",
      "resolved": "https://registry.nlark.com/supports-color/download/supports-color-7.2.0.tgz?cache=0&sync_timestamp=1626703455199&other_urls=https%3A%2F%2Fregistry.nlark.com%2Fsupports-color%2Fdownload%2Fsupports-color-7.2.0.tgz",
      "integrity": "sha1-G33NyzK4E4gBs+R4umpRyqiWSNo=",
      "dependencies": {
        "has-flag": "^4.0.0"
      },
      "engines": {
        "node": ">=8"
      }
    },
    "node_modules/taskgroup": {
      "version": "7.19.0",
      "resolved": "https://registry.nlark.com/taskgroup/download/taskgroup-7.19.0.tgz",
      "integrity": "sha1-G5Dco40rqrQ883hUVbXzCpPwwcY=",
      "dependencies": {
        "ambi": "3.2.0",
        "eachr": "^4.5.0",
        "extendr": "^5.19.0",
        "unbounded": "^3.14.0"
      },
      "engines": {
        "node": ">=10"
      }
    },
    "node_modules/typechecker": {
      "version": "6.4.0",
      "resolved": "https://registry.nlark.com/typechecker/download/typechecker-6.4.0.tgz",
      "integrity": "sha1-wIfcdExaDxdSTVihfrMalmCrcyQ=",
      "engines": {
        "node": ">=8"
      }
    },
    "node_modules/typescript": {
      "version": "4.4.2",
      "resolved": "https://registry.nlark.com/typescript/download/typescript-4.4.2.tgz",
      "integrity": "sha1-bWGGQNQw41aaHftE99fmAM7T7oY=",
      "bin": {
        "tsc": "bin/tsc",
        "tsserver": "bin/tsserver"
      },
      "engines": {
        "node": ">=4.2.0"
      }
    },
    "node_modules/unbounded": {
      "version": "3.15.0",
      "resolved": "https://registry.nlark.com/unbounded/download/unbounded-3.15.0.tgz",
      "integrity": "sha1-qJLPm8J6KdT1f4T8O78S7LXPSCk=",
      "engines": {
        "node": ">=10"
      }
    },
    "node_modules/universalify": {
      "version": "2.0.0",
      "resolved": "https://registry.npm.taobao.org/universalify/download/universalify-2.0.0.tgz?cache=0&sync_timestamp=1603180048005&other_urls=https%3A%2F%2Fregistry.npm.taobao.org%2Funiversalify%2Fdownload%2Funiversalify-2.0.0.tgz",
      "integrity": "sha1-daSYTv7cSwiXXFrrc/Uw0C3yVxc=",
      "engines": {
        "node": ">= 10.0.0"
      }
    },
    "node_modules/watchr": {
      "version": "6.11.0",
      "resolved": "https://registry.nlark.com/watchr/download/watchr-6.11.0.tgz",
      "integrity": "sha1-nQcVLCOgcHNVfeXFYfh6o/r77Rc=",
      "dependencies": {
        "eachr": "^4.5.0",
        "extendr": "^5.19.0",
        "ignorefs": "^3.17.0",
        "safefs": "^6.16.0",
        "scandirectory": "^6.16.0",
        "taskgroup": "^7.19.0"
      },
      "engines": {
        "node": ">=10"
      }
    }
  },
  "dependencies": {
    "ambi": {
      "version": "3.2.0",
      "resolved": "https://registry.nlark.com/ambi/download/ambi-3.2.0.tgz",
      "integrity": "sha1-E7Rfz2hFRl9lITf4AXYyLpEbcNY=",
      "requires": {
        "editions": "^2.1.0",
        "typechecker": "^4.3.0"
      },
      "dependencies": {
        "typechecker": {
          "version": "4.11.0",
          "resolved": "https://registry.nlark.com/typechecker/download/typechecker-4.11.0.tgz",
          "integrity": "sha1-ghnNkNL3tYWj9a+cFGyKI4kfHqw=",
          "requires": {
            "editions": "^2.2.0"
          }
        }
      }
    },
    "ansi-styles": {
      "version": "4.3.0",
      "resolved": "https://registry.nlark.com/ansi-styles/download/ansi-styles-4.3.0.tgz",
      "integrity": "sha1-7dgDYornHATIWuegkG7a00tkiTc=",
      "requires": {
        "color-convert": "^2.0.1"
      }
    },
    "chalk": {
      "version": "4.1.2",
      "resolved": "https://registry.nlark.com/chalk/download/chalk-4.1.2.tgz?cache=0&sync_timestamp=1627646614989&other_urls=https%3A%2F%2Fregistry.nlark.com%2Fchalk%2Fdownload%2Fchalk-4.1.2.tgz",
      "integrity": "sha1-qsTit3NKdAhnrrFr8CqtVWoeegE=",
      "requires": {
        "ansi-styles": "^4.1.0",
        "supports-color": "^7.1.0"
      }
    },
    "color-convert": {
      "version": "2.0.1",
      "resolved": "https://registry.nlark.com/color-convert/download/color-convert-2.0.1.tgz",
      "integrity": "sha1-ctOmjVmMm9s68q0ehPIdiWq9TeM=",
      "requires": {
        "color-name": "~1.1.4"
      }
    },
    "color-name": {
      "version": "1.1.4",
      "resolved": "https://registry.npm.taobao.org/color-name/download/color-name-1.1.4.tgz",
      "integrity": "sha1-wqCah6y95pVD3m9j+jmVyCbFNqI="
    },
    "commander": {
      "version": "8.1.0",
      "resolved": "https://registry.nlark.com/commander/download/commander-8.1.0.tgz?cache=0&sync_timestamp=1627358203890&other_urls=https%3A%2F%2Fregistry.nlark.com%2Fcommander%2Fdownload%2Fcommander-8.1.0.tgz",
      "integrity": "sha1-2zbj5m7fJP9ZHWOYYsarLFJmQ2I="
    },
    "eachr": {
      "version": "4.5.0",
      "resolved": "https://registry.nlark.com/eachr/download/eachr-4.5.0.tgz",
      "integrity": "sha1-SV6zqrakGBHaHgTlEEJN8yB1zwQ=",
      "requires": {
        "typechecker": "^6.2.0"
      }
    },
    "editions": {
      "version": "2.3.1",
      "resolved": "https://registry.nlark.com/editions/download/editions-2.3.1.tgz",
      "integrity": "sha1-O8mWLxl46AExL70K6/7WO0m/5pg=",
      "requires": {
        "errlop": "^2.0.0",
        "semver": "^6.3.0"
      }
    },
    "errlop": {
      "version": "2.2.0",
      "resolved": "https://registry.nlark.com/errlop/download/errlop-2.2.0.tgz",
      "integrity": "sha1-H/OD+PkXrjKL67gC1sppZmpC0hs="
    },
    "extendr": {
      "version": "5.19.0",
      "resolved": "https://registry.nlark.com/extendr/download/extendr-5.19.0.tgz",
      "integrity": "sha1-4QU03KU5zWDP8EmyGdv0DHVDA24=",
      "requires": {
        "typechecker": "^7.17.0"
      },
      "dependencies": {
        "typechecker": {
          "version": "7.18.0",
          "resolved": "https://registry.nlark.com/typechecker/download/typechecker-7.18.0.tgz",
          "integrity": "sha1-AhKkZN0NZNcw+CMZrZD30U051Kk="
        }
      }
    },
    "fs-extra": {
      "version": "10.0.0",
      "resolved": "https://registry.nlark.com/fs-extra/download/fs-extra-10.0.0.tgz",
      "integrity": "sha1-n/YbZV3eU/s0qC34S7IUzoAuF8E=",
      "requires": {
        "graceful-fs": "^4.2.0",
        "jsonfile": "^6.0.1",
        "universalify": "^2.0.0"
      }
    },
    "graceful-fs": {
      "version": "4.2.8",
      "resolved": "https://registry.nlark.com/graceful-fs/download/graceful-fs-4.2.8.tgz?cache=0&sync_timestamp=1628194007768&other_urls=https%3A%2F%2Fregistry.nlark.com%2Fgraceful-fs%2Fdownload%2Fgraceful-fs-4.2.8.tgz",
      "integrity": "sha1-5BK40z9eAGWTy9PO5t+fLOu+gCo="
    },
    "has-flag": {
      "version": "4.0.0",
      "resolved": "https://registry.nlark.com/has-flag/download/has-flag-4.0.0.tgz?cache=0&sync_timestamp=1626716578584&other_urls=https%3A%2F%2Fregistry.nlark.com%2Fhas-flag%2Fdownload%2Fhas-flag-4.0.0.tgz",
      "integrity": "sha1-lEdx/ZyByBJlxNaUGGDaBrtZR5s="
    },
    "ignorefs": {
      "version": "3.17.0",
      "resolved": "https://registry.nlark.com/ignorefs/download/ignorefs-3.17.0.tgz",
      "integrity": "sha1-wr0hjXc9ZWiHiVff7yzkrcSuB7s=",
      "requires": {
        "ignorepatterns": "^4.16.0"
      }
    },
    "ignorepatterns": {
      "version": "4.17.0",
      "resolved": "https://registry.nlark.com/ignorepatterns/download/ignorepatterns-4.17.0.tgz",
      "integrity": "sha1-xNtRr0QTEuB2+rCuzbVDDLcdKtk="
    },
    "jsonfile": {
      "version": "6.1.0",
      "resolved": "https://registry.nlark.com/jsonfile/download/jsonfile-6.1.0.tgz",
      "integrity": "sha1-vFWyY0eTxnnsZAMJTrE2mKbsCq4=",
      "requires": {
        "graceful-fs": "^4.1.6",
        "universalify": "^2.0.0"
      }
    },
    "loadsh": {
      "version": "0.0.4",
      "resolved": "https://registry.nlark.com/loadsh/download/loadsh-0.0.4.tgz",
      "integrity": "sha1-UxS6vRK7EzFd3gJKTKcHWMVInS0="
    },
    "readdir-cluster": {
      "version": "3.17.0",
      "resolved": "https://registry.nlark.com/readdir-cluster/download/readdir-cluster-3.17.0.tgz",
      "integrity": "sha1-Vrafi+50RQmGAILvoAaANwIiXWw="
    },
    "safefs": {
      "version": "6.16.0",
      "resolved": "https://registry.nlark.com/safefs/download/safefs-6.16.0.tgz",
      "integrity": "sha1-4ZAcDqHokmKJvY1Tg6Zc4hu0TS8=",
      "requires": {
        "graceful-fs": "^4.2.6"
      }
    },
    "scandirectory": {
      "version": "6.16.0",
      "resolved": "https://registry.nlark.com/scandirectory/download/scandirectory-6.16.0.tgz",
      "integrity": "sha1-IhjFOmJZZwVPgQ1peZU24W5fRBE=",
      "requires": {
        "ignorefs": "^3.17.0",
        "readdir-cluster": "^3.17.0"
      }
    },
    "semver": {
      "version": "6.3.0",
      "resolved": "https://registry.nlark.com/semver/download/semver-6.3.0.tgz?cache=0&sync_timestamp=1618846828850&other_urls=https%3A%2F%2Fregistry.nlark.com%2Fsemver%2Fdownload%2Fsemver-6.3.0.tgz",
      "integrity": "sha1-7gpkyK9ejO6mdoexM3YeG+y9HT0="
    },
    "supports-color": {
      "version": "7.2.0",
      "resolved": "https://registry.nlark.com/supports-color/download/supports-color-7.2.0.tgz?cache=0&sync_timestamp=1626703455199&other_urls=https%3A%2F%2Fregistry.nlark.com%2Fsupports-color%2Fdownload%2Fsupports-color-7.2.0.tgz",
      "integrity": "sha1-G33NyzK4E4gBs+R4umpRyqiWSNo=",
      "requires": {
        "has-flag": "^4.0.0"
      }
    },
    "taskgroup": {
      "version": "7.19.0",
      "resolved": "https://registry.nlark.com/taskgroup/download/taskgroup-7.19.0.tgz",
      "integrity": "sha1-G5Dco40rqrQ883hUVbXzCpPwwcY=",
      "requires": {
        "ambi": "3.2.0",
        "eachr": "^4.5.0",
        "extendr": "^5.19.0",
        "unbounded": "^3.14.0"
      }
    },
    "typechecker": {
      "version": "6.4.0",
      "resolved": "https://registry.nlark.com/typechecker/download/typechecker-6.4.0.tgz",
      "integrity": "sha1-wIfcdExaDxdSTVihfrMalmCrcyQ="
    },
    "typescript": {
      "version": "4.4.2",
      "resolved": "https://registry.nlark.com/typescript/download/typescript-4.4.2.tgz",
      "integrity": "sha1-bWGGQNQw41aaHftE99fmAM7T7oY="
    },
    "unbounded": {
      "version": "3.15.0",
      "resolved": "https://registry.nlark.com/unbounded/download/unbounded-3.15.0.tgz",
      "integrity": "sha1-qJLPm8J6KdT1f4T8O78S7LXPSCk="
    },
    "universalify": {
      "version": "2.0.0",
      "resolved": "https://registry.npm.taobao.org/universalify/download/universalify-2.0.0.tgz?cache=0&sync_timestamp=1603180048005&other_urls=https%3A%2F%2Fregistry.npm.taobao.org%2Funiversalify%2Fdownload%2Funiversalify-2.0.0.tgz",
      "integrity": "sha1-daSYTv7cSwiXXFrrc/Uw0C3yVxc="
    },
    "watchr": {
      "version": "6.11.0",
      "resolved": "https://registry.nlark.com/watchr/download/watchr-6.11.0.tgz",
      "integrity": "sha1-nQcVLCOgcHNVfeXFYfh6o/r77Rc=",
      "requires": {
        "eachr": "^4.5.0",
        "extendr": "^5.19.0",
        "ignorefs": "^3.17.0",
        "safefs": "^6.16.0",
        "scandirectory": "^6.16.0",
        "taskgroup": "^7.19.0"
      }
    }
  }
}
